
Microsoft Visual Studio Solution File, Format Version 12.00
# Visual Studio 14
VisualStudioVersion = 14.0.24720.0
MinimumVisualStudioVersion = 10.0.40219.1
Project("{FAE04EC0-301F-11D3-BF4B-00C04F79EFBC}") = "Shop.Management.App", "Shop.Management.App\Shop.Management.App.csproj", "{A93137E6-D998-419D-A3EF-54CEB804AC75}"
EndProject
Project("{FAE04EC0-301F-11D3-BF4B-00C04F79EFBC}") = "Shop.Management.Model", "Shop.Management.Model\Shop.Management.Model.csproj", "{E98969FD-27A2-41C7-BB6F-6150A5B54520}"
EndProject
Project("{FAE04EC0-301F-11D3-BF4B-00C04F79EFBC}") = "Shop.Management.DAL", "Shop.Management.DAL\Shop.Management.DAL.csproj", "{777BE3FB-0313-4D18-B2D2-33676603250E}"
EndProject
Global
	GlobalSection(SolutionConfigurationPlatforms) = preSolution
		Debug|Any CPU = Debug|Any CPU
		Release|Any CPU = Release|Any CPU
	EndGlobalSection
	GlobalSection(ProjectConfigurationPlatforms) = postSolution
		{A93137E6-D998-419D-A3EF-54CEB804AC75}.Debug|Any CPU.ActiveCfg = Debug|Any CPU
		{A93137E6-D998-419D-A3EF-54CEB804AC75}.Debug|Any CPU.Build.0 = Debug|Any CPU
		{A93137E6-D998-419D-A3EF-54CEB804AC75}.Release|Any CPU.ActiveCfg = Release|Any CPU
		{A93137E6-D998-419D-A3EF-54CEB804AC75}.Release|Any CPU.Build.0 = Release|Any CPU
		{E98969FD-27A2-41C7-BB6F-6150A5B54520}.Debug|Any CPU.ActiveCfg = Debug|Any CPU
		{E98969FD-27A2-41C7-BB6F-6150A5B54520}.Debug|Any CPU.Build.0 = Debug|Any CPU
		{E98969FD-27A2-41C7-BB6F-6150A5B54520}.Release|Any CPU.ActiveCfg = Release|Any CPU
		{E98969FD-27A2-41C7-BB6F-6150A5B54520}.Release|Any CPU.Build.0 = Release|Any CPU
		{777BE3FB-0313-4D18-B2D2-33676603250E}.Debug|Any CPU.ActiveCfg = Debug|Any CPU
		{777BE3FB-0313-4D18-B2D2-33676603250E}.Debug|Any CPU.Build.0 = Debug|Any CPU
		{777BE3FB-0313-4D18-B2D2-33676603250E}.Release|Any CPU.ActiveCfg = Release|Any CPU
		{777BE3FB-0313-4D18-B2D2-33676603250E}.Release|Any CPU.Build.0 = Release|Any CPU
	EndGlobalSection
	GlobalSection(SolutionProperties) = preSolution
		HideSolutionNode = FALSE
	EndGlobalSection
EndGlobal
